{
  "name": "frontend",
  "version": "0.1.0",
  "lockfileVersion": 1,
  "requires": true,
  "dependencies": {
    "redux-multi": {
      "version": "0.1.12",
      "resolved": "https://registry.npmjs.org/redux-multi/-/redux-multi-0.1.12.tgz",
      "integrity": "sha1-KOH+XklnLLxb2KB/Cyrq8O+DVcI=",
      "dev": true
    }
  }
}
